{
  "version": 4,
  "terraform_version": "1.6.6",
  "serial": 1,
  "lineage": "0902e38d-0cdb-b765-d881-d6b8b109c64b",
  "outputs": {},
  "resources": [
    {
      "mode": "managed",
      "type": "local_file",
      "name": "foo",
      "provider": "provider[\"registry.terraform.io/hashicorp/local\"]",
      "instances": [
        {
          "schema_version": 0,
          "attributes": {
            "content": "Time is: 2024-04-15T14:57:05Z for dev",
            "content_base64": null,
            "content_base64sha256": "lihbKor2fPj/ffvwcN4GSfUCK/5vwnOy00XkPA1qzoY=",
            "content_base64sha512": "s0b3u47TKWZas0n2ah6rzJSbtZhmAkTGdMACqtr6NUoB8UzeSnKq4Kzgi3hh1gzLMgoi67MpuboWxj3r9sDm6w==",
            "content_md5": "80e9191cfaee724e9d120a4e5c8934d1",
            "content_sha1": "e177d34c11830148c01a4cb5772d129b51256634",
            "content_sha256": "96285b2a8af67cf8ff7dfbf070de0649f5022bfe6fc273b2d345e43c0d6ace86",
            "content_sha512": "b346f7bb8ed329665ab349f66a1eabcc949bb598660244c674c002aadafa354a01f14cde4a72aae0ace08b7861d60ccb320a22ebb329b9ba16c63debf6c0e6eb",
            "directory_permission": "0777",
            "file_permission": "0777",
            "filename": "./time",
            "id": "e177d34c11830148c01a4cb5772d129b51256634",
            "sensitive_content": null,
            "source": null
          },
          "sensitive_attributes": []
        }
      ]
    }
  ],
  "check_results": null
}
